
Microsoft Visual Studio Solution File, Format Version 12.00
# Visual Studio 15
Project("{FAE04EC0-301F-11D3-BF4B-00C04F79EFBC}") = "Assembly-CSharp", "Assembly-CSharp.csproj", "{968E99D5-B7EE-57AF-EDAC-538870A32351}"
EndProject
Project("{FAE04EC0-301F-11D3-BF4B-00C04F79EFBC}") = "Assembly-CSharp-Editor", "Assembly-CSharp-Editor.csproj", "{AC02C726-51FD-2C9A-A811-91F2DABD75F1}"
EndProject
Global
	GlobalSection(SolutionConfigurationPlatforms) = preSolution
		Debug|Any CPU = Debug|Any CPU
		Release|Any CPU = Release|Any CPU
	EndGlobalSection
	GlobalSection(ProjectConfigurationPlatforms) = postSolution
		{968E99D5-B7EE-57AF-EDAC-538870A32351}.Debug|Any CPU.ActiveCfg = Debug|Any CPU
		{968E99D5-B7EE-57AF-EDAC-538870A32351}.Debug|Any CPU.Build.0 = Debug|Any CPU
		{968E99D5-B7EE-57AF-EDAC-538870A32351}.Release|Any CPU.ActiveCfg = Release|Any CPU
		{968E99D5-B7EE-57AF-EDAC-538870A32351}.Release|Any CPU.Build.0 = Release|Any CPU
		{AC02C726-51FD-2C9A-A811-91F2DABD75F1}.Debug|Any CPU.ActiveCfg = Debug|Any CPU
		{AC02C726-51FD-2C9A-A811-91F2DABD75F1}.Debug|Any CPU.Build.0 = Debug|Any CPU
		{AC02C726-51FD-2C9A-A811-91F2DABD75F1}.Release|Any CPU.ActiveCfg = Release|Any CPU
		{AC02C726-51FD-2C9A-A811-91F2DABD75F1}.Release|Any CPU.Build.0 = Release|Any CPU
	EndGlobalSection
	GlobalSection(SolutionProperties) = preSolution
		HideSolutionNode = FALSE
	EndGlobalSection
EndGlobal
